
Microsoft Visual Studio Solution File, Format Version 12.00
# Visual Studio Version 17
VisualStudioVersion = 17.9.34607.119
MinimumVisualStudioVersion = 10.0.40219.1
Project("{FAE04EC0-301F-11D3-BF4B-00C04F79EFBC}") = "IntroToIdentity", "IntroToIdentity.csproj", "{8DF3AC03-89FC-4B5D-88F0-3E9A2DD36EAA}"
EndProject
Global
	GlobalSection(SolutionConfigurationPlatforms) = preSolution
		Debug|Any CPU = Debug|Any CPU
		Release|Any CPU = Release|Any CPU
	EndGlobalSection
	GlobalSection(ProjectConfigurationPlatforms) = postSolution
		{8DF3AC03-89FC-4B5D-88F0-3E9A2DD36EAA}.Debug|Any CPU.ActiveCfg = Debug|Any CPU
		{8DF3AC03-89FC-4B5D-88F0-3E9A2DD36EAA}.Debug|Any CPU.Build.0 = Debug|Any CPU
		{8DF3AC03-89FC-4B5D-88F0-3E9A2DD36EAA}.Release|Any CPU.ActiveCfg = Release|Any CPU
		{8DF3AC03-89FC-4B5D-88F0-3E9A2DD36EAA}.Release|Any CPU.Build.0 = Release|Any CPU
	EndGlobalSection
	GlobalSection(SolutionProperties) = preSolution
		HideSolutionNode = FALSE
	EndGlobalSection
	GlobalSection(ExtensibilityGlobals) = postSolution
		SolutionGuid = {F5C7F239-C620-4F03-91A8-634FE532E571}
	EndGlobalSection
EndGlobal
